
Microsoft Visual Studio Solution File, Format Version 12.00
# Visual Studio Version 17
VisualStudioVersion = 17.1.32228.430
MinimumVisualStudioVersion = 10.0.40219.1
Project("{FAE04EC0-301F-11D3-BF4B-00C04F79EFBC}") = "252.1", "252.1.csproj", "{B141BD96-B321-4622-A5E3-CB9932912EAC}"
EndProject
Global
	GlobalSection(SolutionConfigurationPlatforms) = preSolution
		Debug|Any CPU = Debug|Any CPU
		Release|Any CPU = Release|Any CPU
	EndGlobalSection
	GlobalSection(ProjectConfigurationPlatforms) = postSolution
		{B141BD96-B321-4622-A5E3-CB9932912EAC}.Debug|Any CPU.ActiveCfg = Debug|Any CPU
		{B141BD96-B321-4622-A5E3-CB9932912EAC}.Debug|Any CPU.Build.0 = Debug|Any CPU
		{B141BD96-B321-4622-A5E3-CB9932912EAC}.Release|Any CPU.ActiveCfg = Release|Any CPU
		{B141BD96-B321-4622-A5E3-CB9932912EAC}.Release|Any CPU.Build.0 = Release|Any CPU
	EndGlobalSection
	GlobalSection(SolutionProperties) = preSolution
		HideSolutionNode = FALSE
	EndGlobalSection
	GlobalSection(ExtensibilityGlobals) = postSolution
		SolutionGuid = {BDD2E968-07B9-42CE-ADB6-EB6D64FCD557}
	EndGlobalSection
EndGlobal
